
Microsoft Visual Studio Solution File, Format Version 12.00
# Visual Studio 15
VisualStudioVersion = 15.0.28010.2046
MinimumVisualStudioVersion = 10.0.40219.1
Project("{FAE04EC0-301F-11D3-BF4B-00C04F79EFBC}") = "GameServerForRPG", "GameServerForRPG\GameServerForRPG.csproj", "{56170D4C-A436-463B-B726-5B80264A587C}"
EndProject
Project("{FAE04EC0-301F-11D3-BF4B-00C04F79EFBC}") = "GameServerForRPG.Test", "GameServerForRPG.Test\GameServerForRPG.Test.csproj", "{A72D1902-C4D9-4B61-A6D4-B95A44E5687B}"
EndProject
Global
	GlobalSection(SolutionConfigurationPlatforms) = preSolution
		Debug|Any CPU = Debug|Any CPU
		Release|Any CPU = Release|Any CPU
	EndGlobalSection
	GlobalSection(ProjectConfigurationPlatforms) = postSolution
		{56170D4C-A436-463B-B726-5B80264A587C}.Debug|Any CPU.ActiveCfg = Debug|Any CPU
		{56170D4C-A436-463B-B726-5B80264A587C}.Debug|Any CPU.Build.0 = Debug|Any CPU
		{56170D4C-A436-463B-B726-5B80264A587C}.Release|Any CPU.ActiveCfg = Release|Any CPU
		{56170D4C-A436-463B-B726-5B80264A587C}.Release|Any CPU.Build.0 = Release|Any CPU
		{A72D1902-C4D9-4B61-A6D4-B95A44E5687B}.Debug|Any CPU.ActiveCfg = Debug|Any CPU
		{A72D1902-C4D9-4B61-A6D4-B95A44E5687B}.Debug|Any CPU.Build.0 = Debug|Any CPU
		{A72D1902-C4D9-4B61-A6D4-B95A44E5687B}.Release|Any CPU.ActiveCfg = Release|Any CPU
		{A72D1902-C4D9-4B61-A6D4-B95A44E5687B}.Release|Any CPU.Build.0 = Release|Any CPU
	EndGlobalSection
	GlobalSection(SolutionProperties) = preSolution
		HideSolutionNode = FALSE
	EndGlobalSection
	GlobalSection(ExtensibilityGlobals) = postSolution
		SolutionGuid = {AB67C1F9-DB8D-46A7-939A-E30D5CEC0D04}
	EndGlobalSection
EndGlobal
